
Microsoft Visual Studio Solution File, Format Version 12.00
# Visual Studio Version 17
VisualStudioVersion = 17.9.34622.214
MinimumVisualStudioVersion = 10.0.40219.1
Project("{FAE04EC0-301F-11D3-BF4B-00C04F79EFBC}") = "AnytimeGear.Server", "AnytimeGear.Server\AnytimeGear.Server.csproj", "{7473671D-5868-4FE8-BBAE-20CF82DBC66F}"
EndProject
Project("{54A90642-561A-4BB1-A94E-469ADEE60C69}") = "anytimegear.client", "anytimegear.client\anytimegear.client.esproj", "{82227213-403D-49D4-9578-32CBFC0D0089}"
EndProject
Global
	GlobalSection(SolutionConfigurationPlatforms) = preSolution
		Debug|Any CPU = Debug|Any CPU
		Release|Any CPU = Release|Any CPU
	EndGlobalSection
	GlobalSection(ProjectConfigurationPlatforms) = postSolution
		{7473671D-5868-4FE8-BBAE-20CF82DBC66F}.Debug|Any CPU.ActiveCfg = Debug|Any CPU
		{7473671D-5868-4FE8-BBAE-20CF82DBC66F}.Debug|Any CPU.Build.0 = Debug|Any CPU
		{7473671D-5868-4FE8-BBAE-20CF82DBC66F}.Release|Any CPU.ActiveCfg = Release|Any CPU
		{7473671D-5868-4FE8-BBAE-20CF82DBC66F}.Release|Any CPU.Build.0 = Release|Any CPU
		{82227213-403D-49D4-9578-32CBFC0D0089}.Debug|Any CPU.ActiveCfg = Debug|Any CPU
		{82227213-403D-49D4-9578-32CBFC0D0089}.Debug|Any CPU.Build.0 = Debug|Any CPU
		{82227213-403D-49D4-9578-32CBFC0D0089}.Debug|Any CPU.Deploy.0 = Debug|Any CPU
		{82227213-403D-49D4-9578-32CBFC0D0089}.Release|Any CPU.ActiveCfg = Release|Any CPU
		{82227213-403D-49D4-9578-32CBFC0D0089}.Release|Any CPU.Build.0 = Release|Any CPU
		{82227213-403D-49D4-9578-32CBFC0D0089}.Release|Any CPU.Deploy.0 = Release|Any CPU
	EndGlobalSection
	GlobalSection(SolutionProperties) = preSolution
		HideSolutionNode = FALSE
	EndGlobalSection
	GlobalSection(ExtensibilityGlobals) = postSolution
		SolutionGuid = {66C2865F-3C16-42B7-B1FB-6CE92D1BE702}
	EndGlobalSection
EndGlobal
